{
  "R": {
    "Version": "4.1.1",
    "Repositories": [
      {
        "Name": "CRAN",
        "URL": "https://cloud.r-project.org"
      }
    ]
  },
  "Packages": {
    "BH": {
      "Package": "BH",
      "Version": "1.75.0-0",
      "Source": "Repository",
      "Repository": "CRAN",
      "Hash": "e4c04affc2cac20c8fec18385cd14691"
    },
    "DBI": {
      "Package": "DBI",
      "Version": "1.1.1",
      "Source": "Repository",
      "Repository": "CRAN",
      "Hash": "030aaec5bc6553f35347cbb1e70b1a17"
    },
    "DEoptimR": {
      "Package": "DEoptimR",
      "Version": "1.0-9",
      "Source": "Repository",
      "Repository": "CRAN",
      "Hash": "feae038aefb289b48ea8254094f33732"
    },
    "MASS": {
      "Package": "MASS",
      "Version": "7.3-54",
      "Source": "Repository",
      "Repository": "CRAN",
      "Hash": "0e59129db205112e3963904db67fd0dc"
    },
    "Matrix": {
      "Package": "Matrix",
      "Version": "1.3-3",
      "Source": "Repository",
      "Repository": "CRAN",
      "Hash": "df57c82e79600601287edfdcef92c2d6"
    },
    "MatrixModels": {
      "Package": "MatrixModels",
      "Version": "0.5-0",
      "Source": "Repository",
      "Repository": "CRAN",
      "Hash": "366a8838782928e398b8762c932a42a3"
    },
    "Morpho": {
      "Package": "Morpho",
      "Version": "2.8",
      "Source": "Repository",
      "Repository": "CRAN",
      "Hash": "f235ad730d431d6a64f8ae08de887029"
    },
    "R.methodsS3": {
      "Package": "R.methodsS3",
      "Version": "1.8.1",
      "Source": "Repository",
      "Repository": "CRAN",
      "Hash": "4bf6453323755202d5909697b6f7c109"
    },
    "R.oo": {
      "Package": "R.oo",
      "Version": "1.24.0",
      "Source": "Repository",
      "Repository": "CRAN",
      "Hash": "5709328352717e2f0a9c012be8a97554"
    },
    "R.utils": {
      "Package": "R.utils",
      "Version": "2.10.1",
      "Source": "Repository",
      "Repository": "CRAN",
      "Hash": "a9e316277ff12a43997266f2f6567780"
    },
    "R6": {
      "Package": "R6",
      "Version": "2.5.1",
      "Source": "Repository",
      "Repository": "CRAN",
      "Hash": "470851b6d5d0ac559e9d01bb352b4021"
    },
    "RColorBrewer": {
      "Package": "RColorBrewer",
      "Version": "1.1-2",
      "Source": "Repository",
      "Repository": "CRAN",
      "Hash": "e031418365a7f7a766181ab5a41a5716"
    },
    "RSpectra": {
      "Package": "RSpectra",
      "Version": "0.16-0",
      "Source": "Repository",
      "Repository": "CRAN",
      "Hash": "a41329d24d5a98eaed2bd0159adb1b5f"
    },
    "Rcpp": {
      "Package": "Rcpp",
      "Version": "1.0.7",
      "Source": "Repository",
      "Repository": "CRAN",
      "Hash": "dab19adae4440ae55aa8a9d238b246bb"
    },
    "RcppArmadillo": {
      "Package": "RcppArmadillo",
      "Version": "0.10.6.0.0",
      "Source": "Repository",
      "Repository": "CRAN",
      "Hash": "d34bcef6e2df81ab2d44c7fbe8b4d3f0"
    },
    "RcppEigen": {
      "Package": "RcppEigen",
      "Version": "0.3.3.9.1",
      "Source": "Repository",
      "Repository": "CRAN",
      "Hash": "ddfa72a87fdf4c80466a20818be91d00"
    },
    "RcppProgress": {
      "Package": "RcppProgress",
      "Version": "0.4.2",
      "Source": "Repository",
      "Repository": "CRAN",
      "Hash": "1c0aa18b97e6aaa17f93b8b866c0ace5"
    },
    "RhpcBLASctl": {
      "Package": "RhpcBLASctl",
      "Version": "0.20-137",
      "Source": "Repository",
      "Repository": "CRAN",
      "Hash": "fb135751ed3f00f33890826823ebe332"
    },
    "Rvcg": {
      "Package": "Rvcg",
      "Version": "0.19.2",
      "Source": "Repository",
      "Repository": "CRAN",
      "Hash": "d91665e190c5f0b9003c523a8fbbcff8"
    },
    "SparseM": {
      "Package": "SparseM",
      "Version": "1.81",
      "Source": "Repository",
      "Repository": "CRAN",
      "Hash": "2042cd9759cc89a453c4aefef0ce9aae"
    },
    "abind": {
      "Package": "abind",
      "Version": "1.4-5",
      "Source": "Repository",
      "Repository": "CRAN",
      "Hash": "4f57884290cc75ab22f4af9e9d4ca862"
    },
    "alphahull": {
      "Package": "alphahull",
      "Version": "2.2",
      "Source": "Repository",
      "Repository": "CRAN",
      "Hash": "4523ae9a7171830c74e75ace15a2fabb"
    },
    "alphashape3d": {
      "Package": "alphashape3d",
      "Version": "1.3.1",
      "Source": "Repository",
      "Repository": "CRAN",
      "Hash": "a9f9abf35b05178670cc0100a3b1061e"
    },
    "askpass": {
      "Package": "askpass",
      "Version": "1.1",
      "Source": "Repository",
      "Repository": "CRAN",
      "Hash": "e8a22846fff485f0be3770c2da758713"
    },
    "assertthat": {
      "Package": "assertthat",
      "Version": "0.2.1",
      "Source": "Repository",
      "Repository": "CRAN",
      "Hash": "50c838a310445e954bc13f26f26a6ecf"
    },
    "backports": {
      "Package": "backports",
      "Version": "1.2.1",
      "Source": "Repository",
      "Repository": "CRAN",
      "Hash": "644043219fc24e190c2f620c1a380a69"
    },
    "base64enc": {
      "Package": "base64enc",
      "Version": "0.1-3",
      "Source": "Repository",
      "Repository": "CRAN",
      "Hash": "543776ae6848fde2f48ff3816d0628bc"
    },
    "beeswarm": {
      "Package": "beeswarm",
      "Version": "0.4.0",
      "Source": "Repository",
      "Repository": "CRAN",
      "Hash": "0f4e9d8caa6feaa7e409ae6c30f2ca66"
    },
    "bigassertr": {
      "Package": "bigassertr",
      "Version": "0.1.4",
      "Source": "Repository",
      "Repository": "CRAN",
      "Hash": "584ab6e68fc5bf30d5acd791158823ea"
    },
    "bigparallelr": {
      "Package": "bigparallelr",
      "Version": "0.3.1",
      "Source": "Repository",
      "Repository": "CRAN",
      "Hash": "3dbacde7c5f96717457d44f6a9e4a730"
    },
    "bigstatsr": {
      "Package": "bigstatsr",
      "Version": "1.5.1",
      "Source": "Repository",
      "Repository": "CRAN",
      "Hash": "82dc04776cc349af8be5f41d219cd6ab"
    },
    "bit": {
      "Package": "bit",
      "Version": "4.0.4",
      "Source": "Repository",
      "Repository": "CRAN",
      "Hash": "f36715f14d94678eea9933af927bc15d"
    },
    "bit64": {
      "Package": "bit64",
      "Version": "4.0.5",
      "Source": "Repository",
      "Repository": "CRAN",
      "Hash": "9fe98599ca456d6552421db0d6772d8f"
    },
    "blob": {
      "Package": "blob",
      "Version": "1.2.1",
      "Source": "Repository",
      "Repository": "CRAN",
      "Hash": "9addc7e2c5954eca5719928131fed98c"
    },
    "boot": {
      "Package": "boot",
      "Version": "1.3-28",
      "Source": "Repository",
      "Repository": "CRAN",
      "Hash": "0baa960e3b49c6176a4f42addcbacc59"
    },
    "broom": {
      "Package": "broom",
      "Version": "0.7.9",
      "Source": "Repository",
      "Repository": "CRAN",
      "Hash": "9b1e2c1f75b349e3ffa7e9c69eec0c52"
    },
    "cachem": {
      "Package": "cachem",
      "Version": "1.0.6",
      "Source": "Repository",
      "Repository": "CRAN",
      "Hash": "648c5b3d71e6a37e3043617489a0a0e9"
    },
    "callr": {
      "Package": "callr",
      "Version": "3.7.0",
      "Source": "Repository",
      "Repository": "CRAN",
      "Hash": "461aa75a11ce2400245190ef5d3995df"
    },
    "car": {
      "Package": "car",
      "Version": "3.0-11",
      "Source": "Repository",
      "Repository": "CRAN",
      "Hash": "07f8d11b44999a3f36eee2ef0d86c975"
    },
    "carData": {
      "Package": "carData",
      "Version": "3.0-4",
      "Source": "Repository",
      "Repository": "CRAN",
      "Hash": "7ff5c94cec207b3fd9774cfaa5157738"
    },
    "catmaid": {
      "Package": "catmaid",
      "Version": "0.10.1",
      "Source": "GitHub",
      "Remotes": "natverse/nat, natverse/nat.nblast",
      "RemoteType": "github",
      "RemoteHost": "api.github.com",
      "RemoteRepo": "rcatmaid",
      "RemoteUsername": "natverse",
      "RemoteRef": "HEAD",
      "RemoteSha": "3b0fd66efc5217b2af66f159c8265b97314ec53c",
      "Hash": "160f884394899052f18a7ccb88d15121"
    },
    "cellranger": {
      "Package": "cellranger",
      "Version": "1.1.0",
      "Source": "Repository",
      "Repository": "CRAN",
      "Hash": "f61dbaec772ccd2e17705c1e872e9e7c"
    },
    "checkmate": {
      "Package": "checkmate",
      "Version": "2.0.0",
      "Source": "Repository",
      "Repository": "CRAN",
      "Hash": "a667800d5f0350371bedeb8b8b950289"
    },
    "circular": {
      "Package": "circular",
      "Version": "0.4-93",
      "Source": "Repository",
      "Repository": "CRAN",
      "Hash": "76d2b394bcecfb03d1d81a7d7264d55e"
    },
    "cli": {
      "Package": "cli",
      "Version": "3.0.1",
      "Source": "Repository",
      "Repository": "CRAN",
      "Hash": "e3ae5d68dea0c55a12ea12a9fda02e61"
    },
    "clipr": {
      "Package": "clipr",
      "Version": "0.7.1",
      "Source": "Repository",
      "Repository": "CRAN",
      "Hash": "ebaa97ac99cc2daf04e77eecc7b781d7"
    },
    "codetools": {
      "Package": "codetools",
      "Version": "0.2-18",
      "Source": "Repository",
      "Repository": "CRAN",
      "Hash": "019388fc48e48b3da0d3a76ff94608a8"
    },
    "colorRamps": {
      "Package": "colorRamps",
      "Version": "2.3",
      "Source": "Repository",
      "Repository": "CRAN",
      "Hash": "c370deb506aefb49528f085124fbb825"
    },
    "colorspace": {
      "Package": "colorspace",
      "Version": "2.0-2",
      "Source": "Repository",
      "Repository": "CRAN",
      "Hash": "6baccb763ee83c0bd313460fdb8b8a84"
    },
    "conquer": {
      "Package": "conquer",
      "Version": "1.0.2",
      "Source": "Repository",
      "Repository": "CRAN",
      "Hash": "a31720f692920e635ecef0481d478247"
    },
    "corrplot": {
      "Package": "corrplot",
      "Version": "0.90",
      "Source": "Repository",
      "Repository": "CRAN",
      "Hash": "0514bd6a3e99a2a17145c97c1cfebb09"
    },
    "cowplot": {
      "Package": "cowplot",
      "Version": "1.1.1",
      "Source": "Repository",
      "Repository": "CRAN",
      "Hash": "b418e8423699d11c7f2087c2bfd07da2"
    },
    "cpp11": {
      "Package": "cpp11",
      "Version": "0.3.1",
      "Source": "Repository",
      "Repository": "CRAN",
      "Hash": "e02edab2bc389c5e4b12949b13df44f2"
    },
    "crayon": {
      "Package": "crayon",
      "Version": "1.4.1",
      "Source": "Repository",
      "Repository": "CRAN",
      "Hash": "e75525c55c70e5f4f78c9960a4b402e9"
    },
    "credentials": {
      "Package": "credentials",
      "Version": "1.3.0",
      "Source": "Repository",
      "Repository": "CRAN",
      "Hash": "a96728288c75a814c900af9da84387be"
    },
    "crosstalk": {
      "Package": "crosstalk",
      "Version": "1.1.1",
      "Source": "Repository",
      "Repository": "CRAN",
      "Hash": "2b06f9e415a62b6762e4b8098d2aecbc"
    },
    "curl": {
      "Package": "curl",
      "Version": "4.3.2",
      "Source": "Repository",
      "Repository": "CRAN",
      "Hash": "022c42d49c28e95d69ca60446dbabf88"
    },
    "data.table": {
      "Package": "data.table",
      "Version": "1.14.0",
      "Source": "Repository",
      "Repository": "CRAN",
      "Hash": "d1b8b1a821ee564a3515fa6c6d5c52dc"
    },
    "dbplyr": {
      "Package": "dbplyr",
      "Version": "2.1.1",
      "Source": "Repository",
      "Repository": "CRAN",
      "Hash": "1f37fa4ab2f5f7eded42f78b9a887182"
    },
    "deldir": {
      "Package": "deldir",
      "Version": "0.2-10",
      "Source": "Repository",
      "Repository": "CRAN",
      "Hash": "6ba6a411bdd4c1b297bd54e2c5c98385"
    },
    "dendextend": {
      "Package": "dendextend",
      "Version": "1.15.1",
      "Source": "Repository",
      "Repository": "CRAN",
      "Hash": "7f9ef29016a3d840bbd92f879c7cb67b"
    },
    "dendroextras": {
      "Package": "dendroextras",
      "Version": "0.2.3",
      "Source": "Repository",
      "Repository": "CRAN",
      "Hash": "a21f62bc8f0b157c68992006e3a4cc82"
    },
    "desc": {
      "Package": "desc",
      "Version": "1.3.0",
      "Source": "Repository",
      "Repository": "CRAN",
      "Hash": "b6963166f7f10b970af1006c462ce6cd"
    },
    "digest": {
      "Package": "digest",
      "Version": "0.6.27",
      "Source": "Repository",
      "Repository": "CRAN",
      "Hash": "a0cbe758a531d054b537d16dff4d58a1"
    },
    "doParallel": {
      "Package": "doParallel",
      "Version": "1.0.16",
      "Source": "Repository",
      "Repository": "CRAN",
      "Hash": "2dc413572eb42475179bfe0afabd2adf"
    },
    "dotCall64": {
      "Package": "dotCall64",
      "Version": "1.0-1",
      "Source": "Repository",
      "Repository": "CRAN",
      "Hash": "d0ef6cd1546530da4d72179b52856e84"
    },
    "dplyr": {
      "Package": "dplyr",
      "Version": "1.0.7",
      "Source": "Repository",
      "Repository": "CRAN",
      "Hash": "36f1ae62f026c8ba9f9b5c9a08c03297"
    },
    "drvid": {
      "Package": "drvid",
      "Version": "0.3.0",
      "Source": "GitHub",
      "RemoteType": "github",
      "RemoteHost": "api.github.com",
      "RemoteRepo": "drvid",
      "RemoteUsername": "natverse",
      "RemoteRef": "HEAD",
      "RemoteSha": "188083d7df71585bc7abaa66d7246f316ba01dea",
      "Hash": "d18866bd2635f00e0dbc19668e134952"
    },
    "dtplyr": {
      "Package": "dtplyr",
      "Version": "1.1.0",
      "Source": "Repository",
      "Repository": "CRAN",
      "Hash": "1e14e4c5b2814de5225312394bc316da"
    },
    "ellipsis": {
      "Package": "ellipsis",
      "Version": "0.3.2",
      "Source": "Repository",
      "Repository": "CRAN",
      "Hash": "bb0eec2fe32e88d9e2836c2f73ea2077"
    },
    "elmr": {
      "Package": "elmr",
      "Version": "0.6",
      "Source": "GitHub",
      "Remotes": "natverse/flycircuit, natverse/rcatmaid,\nnatverse/nat.flybrains, natverse/nat.templatebrains,\nnatverse/nat, natverse/nat.nblast, natverse/fafbseg",
      "RemoteType": "github",
      "RemoteHost": "api.github.com",
      "RemoteRepo": "elmr",
      "RemoteUsername": "natverse",
      "RemoteRef": "HEAD",
      "RemoteSha": "7a8b954fcb38da3b3bd699585b2164613b4ed67b",
      "Hash": "15299ed81fda77b625afb7d94888ab1a"
    },
    "evaluate": {
      "Package": "evaluate",
      "Version": "0.14",
      "Source": "Repository",
      "Repository": "CRAN",
      "Hash": "ec8ca05cffcc70569eaaad8469d2a3a7"
    },
    "fafbseg": {
      "Package": "fafbseg",
      "Version": "0.9.1",
      "Source": "GitHub",
      "Remotes": "jefferis/fafbsegdata, natverse/nat, natverse/rcatmaid,\nnatverse/nat.h5reg, natverse/nat.templatebrains",
      "RemoteType": "github",
      "RemoteHost": "api.github.com",
      "RemoteRepo": "fafbseg",
      "RemoteUsername": "natverse",
      "RemoteRef": "HEAD",
      "RemoteSha": "1309661ff947956fe5b321bf79241a4372d5140c",
      "Hash": "f6492f46e43eff3f5ad505e3c980928f"
    },
    "fansi": {
      "Package": "fansi",
      "Version": "0.5.0",
      "Source": "Repository",
      "Repository": "CRAN",
      "Hash": "d447b40982c576a72b779f0a3b3da227"
    },
    "farver": {
      "Package": "farver",
      "Version": "2.1.0",
      "Source": "Repository",
      "Repository": "CRAN",
      "Hash": "c98eb5133d9cb9e1622b8691487f11bb"
    },
    "fastmap": {
      "Package": "fastmap",
      "Version": "1.1.0",
      "Source": "Repository",
      "Repository": "CRAN",
      "Hash": "77bd60a6157420d4ffa93b27cf6a58b8"
    },
    "filehash": {
      "Package": "filehash",
      "Version": "2.4-2",
      "Source": "Repository",
      "Repository": "CRAN",
      "Hash": "417af4bf86b11fdc8737a28905a35136"
    },
    "flock": {
      "Package": "flock",
      "Version": "0.7",
      "Source": "Repository",
      "Repository": "CRAN",
      "Hash": "40dfee1c8bd0072c3ead4c50176ca589"
    },
    "forcats": {
      "Package": "forcats",
      "Version": "0.5.1",
      "Source": "Repository",
      "Repository": "CRAN",
      "Hash": "81c3244cab67468aac4c60550832655d"
    },
    "foreach": {
      "Package": "foreach",
      "Version": "1.5.1",
      "Source": "Repository",
      "Repository": "CRAN",
      "Hash": "e32cfc0973caba11b65b1fa691b4d8c9"
    },
    "fs": {
      "Package": "fs",
      "Version": "1.5.0",
      "Source": "Repository",
      "Repository": "CRAN",
      "Hash": "44594a07a42e5f91fac9f93fda6d0109"
    },
    "gargle": {
      "Package": "gargle",
      "Version": "1.1.0",
      "Source": "Repository",
      "Repository": "CRAN",
      "Hash": "bc3bc77ea458de0a6efe94e8e7e9c641"
    },
    "generics": {
      "Package": "generics",
      "Version": "0.1.0",
      "Source": "Repository",
      "Repository": "CRAN",
      "Hash": "4d243a9c10b00589889fe32314ffd902"
    },
    "geometry": {
      "Package": "geometry",
      "Version": "0.4.5",
      "Source": "Repository",
      "Repository": "CRAN",
      "Hash": "78717b800aa9c52cadd893f3e1e8402e"
    },
    "gert": {
      "Package": "gert",
      "Version": "1.3.0",
      "Source": "Repository",
      "Repository": "CRAN",
      "Hash": "56f398846cd40937be6b435a66bd3f37"
    },
    "ggbeeswarm": {
      "Package": "ggbeeswarm",
      "Version": "0.6.0",
      "Source": "Repository",
      "Repository": "CRAN",
      "Hash": "dd68b9b215b2d3119603549a794003c3"
    },
    "ggdendro": {
      "Package": "ggdendro",
      "Version": "0.1.22",
      "Source": "Repository",
      "Repository": "CRAN",
      "Hash": "bd0785a22c1d8eb187df2d06fab4d906"
    },
    "ggforce": {
      "Package": "ggforce",
      "Version": "0.3.3",
      "Source": "Repository",
      "Repository": "CRAN",
      "Hash": "4c64a588b497f8c088e1d308ddd40bc6"
    },
    "ggiraph": {
      "Package": "ggiraph",
      "Version": "0.7.10",
      "Source": "Repository",
      "Repository": "CRAN",
      "Hash": "38b169da6947549169248a1afe549bb1"
    },
    "ggnewscale": {
      "Package": "ggnewscale",
      "Version": "0.4.5",
      "Source": "Repository",
      "Repository": "CRAN",
      "Hash": "5d2d9029aa89360eb283e3d10ab8bf42"
    },
    "ggplot2": {
      "Package": "ggplot2",
      "Version": "3.3.5",
      "Source": "Repository",
      "Repository": "CRAN",
      "Hash": "d7566c471c7b17e095dd023b9ef155ad"
    },
    "ggpubr": {
      "Package": "ggpubr",
      "Version": "0.4.0",
      "Source": "Repository",
      "Repository": "CRAN",
      "Hash": "77089557d374c69db7cb77e65f0d6ab0"
    },
    "ggraph": {
      "Package": "ggraph",
      "Version": "2.0.5",
      "Source": "Repository",
      "Repository": "CRAN",
      "Hash": "bb52a023e912142b8970ba883dd3b706"
    },
    "ggrepel": {
      "Package": "ggrepel",
      "Version": "0.9.1",
      "Source": "Repository",
      "Repository": "CRAN",
      "Hash": "08ab869f37e6a7741a64ab9069bcb67d"
    },
    "ggsci": {
      "Package": "ggsci",
      "Version": "2.9",
      "Source": "Repository",
      "Repository": "CRAN",
      "Hash": "81ccb8213ed592598210afd10c3a5936"
    },
    "ggsignif": {
      "Package": "ggsignif",
      "Version": "0.6.2",
      "Source": "Repository",
      "Repository": "CRAN",
      "Hash": "b1c9776ac546b9f3c51c9b21ba8f6869"
    },
    "gh": {
      "Package": "gh",
      "Version": "1.3.0",
      "Source": "Repository",
      "Repository": "CRAN",
      "Hash": "38c2580abbda249bd6afeec00d14f531"
    },
    "gitcreds": {
      "Package": "gitcreds",
      "Version": "0.1.1",
      "Source": "Repository",
      "Repository": "CRAN",
      "Hash": "f3aefccc1cc50de6338146b62f115de8"
    },
    "glue": {
      "Package": "glue",
      "Version": "1.4.2",
      "Source": "Repository",
      "Repository": "CRAN",
      "Hash": "6efd734b14c6471cfe443345f3e35e29"
    },
    "goftest": {
      "Package": "goftest",
      "Version": "1.2-2",
      "Source": "Repository",
      "Repository": "CRAN",
      "Hash": "3c9209bce1b10900155ea37ce954cf30"
    },
    "googledrive": {
      "Package": "googledrive",
      "Version": "1.0.1",
      "Source": "Repository",
      "Repository": "CRAN",
      "Hash": "79ba5d18133290a69b7c135dc3dfef1a"
    },
    "googlesheets4": {
      "Package": "googlesheets4",
      "Version": "0.3.0",
      "Source": "Repository",
      "Repository": "CRAN",
      "Hash": "fd028aa45f6785d7e83c0ed896b45904"
    },
    "graphlayouts": {
      "Package": "graphlayouts",
      "Version": "0.7.1",
      "Source": "Repository",
      "Repository": "CRAN",
      "Hash": "2a0d18b9395cd27066d209b83bb29ea6"
    },
    "gridExtra": {
      "Package": "gridExtra",
      "Version": "2.3",
      "Source": "Repository",
      "Repository": "CRAN",
      "Hash": "7d7f283939f563670a697165b2cf5560"
    },
    "gtable": {
      "Package": "gtable",
      "Version": "0.3.0",
      "Source": "Repository",
      "Repository": "CRAN",
      "Hash": "ac5c6baf7822ce8732b343f14c072c4d"
    },
    "haven": {
      "Package": "haven",
      "Version": "2.4.3",
      "Source": "Repository",
      "Repository": "CRAN",
      "Hash": "10bec8a8264f3eb59531e8c4c0303f96"
    },
    "hemibrainr": {
      "Package": "hemibrainr",
      "Version": "0.2.0",
      "Source": "GitHub",
      "Remotes": "natverse/neuprintr, natverse/rcatmaid,\nnatverse/nat.templatebrains, natverse/nat.jrcbrains,\nnatverse/elmr, natverse/fafbseg, natverse/nat.nblast,\nnatverse/nat, schlegelp/nat.hdf5",
      "RemoteType": "github",
      "RemoteHost": "api.github.com",
      "RemoteRepo": "hemibrainr",
      "RemoteUsername": "natverse",
      "RemoteRef": "HEAD",
      "RemoteSha": "489a1d833752d195614e24593924262bbe941490",
      "Hash": "6d63a4aa2b970adbcd9d22fd80ec6c2a"
    },
    "hexbin": {
      "Package": "hexbin",
      "Version": "1.28.2",
      "Source": "Repository",
      "Repository": "CRAN",
      "Hash": "76314b69dc54f8c14204063a2fd6d74a"
    },
    "highr": {
      "Package": "highr",
      "Version": "0.9",
      "Source": "Repository",
      "Repository": "CRAN",
      "Hash": "8eb36c8125038e648e5d111c0d7b2ed4"
    },
    "hms": {
      "Package": "hms",
      "Version": "1.1.0",
      "Source": "Repository",
      "Repository": "CRAN",
      "Hash": "e4bf161ccb74a2c1c0e8ac63bbe332b4"
    },
    "htmltools": {
      "Package": "htmltools",
      "Version": "0.5.2",
      "Source": "Repository",
      "Repository": "CRAN",
      "Hash": "526c484233f42522278ab06fb185cb26"
    },
    "htmlwidgets": {
      "Package": "htmlwidgets",
      "Version": "1.5.3",
      "Source": "Repository",
      "Repository": "CRAN",
      "Hash": "6fdaa86d0700f8b3e92ee3c445a5a10d"
    },
    "httr": {
      "Package": "httr",
      "Version": "1.4.2",
      "Source": "Repository",
      "Repository": "CRAN",
      "Hash": "a525aba14184fec243f9eaec62fbed43"
    },
    "ids": {
      "Package": "ids",
      "Version": "1.0.1",
      "Source": "Repository",
      "Repository": "CRAN",
      "Hash": "99df65cfef20e525ed38c3d2577f7190"
    },
    "igraph": {
      "Package": "igraph",
      "Version": "1.2.6",
      "Source": "Repository",
      "Repository": "CRAN",
      "Hash": "7b1f856410253d56ea67ad808f7cdff6"
    },
    "ini": {
      "Package": "ini",
      "Version": "0.3.1",
      "Source": "Repository",
      "Repository": "CRAN",
      "Hash": "6154ec2223172bce8162d4153cda21f7"
    },
    "isoband": {
      "Package": "isoband",
      "Version": "0.2.5",
      "Source": "Repository",
      "Repository": "CRAN",
      "Hash": "7ab57a6de7f48a8dc84910d1eca42883"
    },
    "iterators": {
      "Package": "iterators",
      "Version": "1.0.13",
      "Source": "Repository",
      "Repository": "CRAN",
      "Hash": "64778782a89480e9a644f69aad9a2877"
    },
    "jpeg": {
      "Package": "jpeg",
      "Version": "0.1-8.1",
      "Source": "Repository",
      "Repository": "CRAN",
      "Hash": "bc316c003aba520fc73d70ad53b5fc36"
    },
    "jsonlite": {
      "Package": "jsonlite",
      "Version": "1.7.2",
      "Source": "Repository",
      "Repository": "CRAN",
      "Hash": "98138e0994d41508c7a6b84a0600cfcb"
    },
    "knitr": {
      "Package": "knitr",
      "Version": "1.33",
      "Source": "Repository",
      "Repository": "CRAN",
      "Hash": "0bc1b5da1b0eb07cd4b727e95e9ff0b8"
    },
    "labeling": {
      "Package": "labeling",
      "Version": "0.4.2",
      "Source": "Repository",
      "Repository": "CRAN",
      "Hash": "3d5108641f47470611a32d0bdf357a72"
    },
    "later": {
      "Package": "later",
      "Version": "1.2.0",
      "Source": "Repository",
      "Repository": "CRAN",
      "Hash": "b61890ae77fea19fc8acadd25db70aa4"
    },
    "lattice": {
      "Package": "lattice",
      "Version": "0.20-44",
      "Source": "Repository",
      "Repository": "CRAN",
      "Hash": "f36bf1a849d9106dc2af72e501f9de41"
    },
    "lazyeval": {
      "Package": "lazyeval",
      "Version": "0.2.2",
      "Source": "Repository",
      "Repository": "CRAN",
      "Hash": "d908914ae53b04d4c0c0fd72ecc35370"
    },
    "lifecycle": {
      "Package": "lifecycle",
      "Version": "1.0.0",
      "Source": "Repository",
      "Repository": "CRAN",
      "Hash": "3471fb65971f1a7b2d4ae7848cf2db8d"
    },
    "linprog": {
      "Package": "linprog",
      "Version": "0.9-2",
      "Source": "Repository",
      "Repository": "CRAN",
      "Hash": "858205c6cfca65bfd3e0bf89ac6b869c"
    },
    "lme4": {
      "Package": "lme4",
      "Version": "1.1-27.1",
      "Source": "Repository",
      "Repository": "CRAN",
      "Hash": "c995b0405ce0894d6fe52b3e08ea9085"
    },
    "lpSolve": {
      "Package": "lpSolve",
      "Version": "5.6.15",
      "Source": "Repository",
      "Repository": "CRAN",
      "Hash": "90c3bc497e7d5ec9dbb863621be15abb"
    },
    "lubridate": {
      "Package": "lubridate",
      "Version": "1.7.10",
      "Source": "Repository",
      "Repository": "CRAN",
      "Hash": "1ebfdc8a3cfe8fe19184f5481972b092"
    },
    "magic": {
      "Package": "magic",
      "Version": "1.5-9",
      "Source": "Repository",
      "Repository": "CRAN",
      "Hash": "3b30b8891dd014968eb9950eaf07cfee"
    },
    "magrittr": {
      "Package": "magrittr",
      "Version": "2.0.1",
      "Source": "Repository",
      "Repository": "CRAN",
      "Hash": "41287f1ac7d28a92f0a286ed507928d3"
    },
    "maptools": {
      "Package": "maptools",
      "Version": "1.1-1",
      "Source": "Repository",
      "Repository": "CRAN",
      "Hash": "beef5712326b384b1e87ba10c01e18f5"
    },
    "markdown": {
      "Package": "markdown",
      "Version": "1.1",
      "Source": "Repository",
      "Repository": "CRAN",
      "Hash": "61e4a10781dd00d7d81dd06ca9b94e95"
    },
    "matrixStats": {
      "Package": "matrixStats",
      "Version": "0.60.1",
      "Source": "Repository",
      "Repository": "CRAN",
      "Hash": "c3cd22becabe4f29ee047221cc2b89ae"
    },
    "memoise": {
      "Package": "memoise",
      "Version": "2.0.0",
      "Source": "Repository",
      "Repository": "CRAN",
      "Hash": "a0bc51650201a56d00a4798523cc91b3"
    },
    "mgcv": {
      "Package": "mgcv",
      "Version": "1.8-36",
      "Source": "Repository",
      "Repository": "CRAN",
      "Hash": "93cc747b0e1ad882a4570463c3575c23"
    },
    "mime": {
      "Package": "mime",
      "Version": "0.11",
      "Source": "Repository",
      "Repository": "CRAN",
      "Hash": "8974a907200fc9948d636fe7d85ca9fb"
    },
    "minqa": {
      "Package": "minqa",
      "Version": "1.2.4",
      "Source": "Repository",
      "Repository": "CRAN",
      "Hash": "eaee7d2a6f3ed4491df868611cb064cc"
    },
    "modelr": {
      "Package": "modelr",
      "Version": "0.1.8",
      "Source": "Repository",
      "Repository": "CRAN",
      "Hash": "9fd59716311ee82cba83dc2826fc5577"
    },
    "munsell": {
      "Package": "munsell",
      "Version": "0.5.0",
      "Source": "Repository",
      "Repository": "CRAN",
      "Hash": "6dfe8bf774944bd5595785e3229d8771"
    },
    "mvtnorm": {
      "Package": "mvtnorm",
      "Version": "1.1-1",
      "Source": "Repository",
      "Repository": "CRAN",
      "Hash": "69fa7331e7410c2a2cb3f9868513904f"
    },
    "nabor": {
      "Package": "nabor",
      "Version": "0.5.0",
      "Source": "Repository",
      "Repository": "CRAN",
      "Hash": "54388cc0cf3dfc0948a4bfbf9e8cceba"
    },
    "nat": {
      "Package": "nat",
      "Version": "1.10.2.9000",
      "Source": "GitHub",
      "RemoteType": "github",
      "RemoteHost": "api.github.com",
      "RemoteRepo": "nat",
      "RemoteUsername": "natverse",
      "RemoteRef": "HEAD",
      "RemoteSha": "a66a1df14c59f8ced653dbefe8100e14b95c15d4",
      "Hash": "e2d8d532becb58142d81cc71ed555cd4"
    },
    "nat.flybrains": {
      "Package": "nat.flybrains",
      "Version": "1.8.0",
      "Source": "GitHub",
      "Remotes": "jefferis/nat, jefferislab/nat.templatebrains",
      "RemoteType": "github",
      "RemoteHost": "api.github.com",
      "RemoteRepo": "nat.flybrains",
      "RemoteUsername": "natverse",
      "RemoteRef": "HEAD",
      "RemoteSha": "28ff33213e6238c64a1c544542b0d2bcf5f4b0b9",
      "Hash": "7b4b3ef1bb82df8ebf565c7a5ac937f7"
    },
    "nat.nblast": {
      "Package": "nat.nblast",
      "Version": "1.6.5.9000",
      "Source": "GitHub",
      "RemoteType": "github",
      "RemoteHost": "api.github.com",
      "RemoteRepo": "nat.nblast",
      "RemoteUsername": "natverse",
      "RemoteRef": "HEAD",
      "RemoteSha": "f78e55f481b968245c70c5bad06e50aef5a0eb80",
      "Hash": "00c8d5eb37f41b513c655354ef05fc14"
    },
    "nat.templatebrains": {
      "Package": "nat.templatebrains",
      "Version": "1.0",
      "Source": "GitHub",
      "RemoteType": "github",
      "RemoteHost": "api.github.com",
      "RemoteRepo": "nat.templatebrains",
      "RemoteUsername": "natverse",
      "RemoteRef": "HEAD",
      "RemoteSha": "9970b5d14e40bc0165e366817ab6ebcfa129778e",
      "Hash": "61832fae79f16ff55d53fe0b4adb794e"
    },
    "nat.utils": {
      "Package": "nat.utils",
      "Version": "0.5.1",
      "Source": "Repository",
      "Repository": "CRAN",
      "Hash": "b5253c7ee9ad9e4b45b48bc1401d5857"
    },
    "natverse": {
      "Package": "natverse",
      "Version": "0.2.4",
      "Source": "GitHub",
      "Remotes": "natverse/drvid, natverse/elmr, natverse/fafbseg, natverse/nat,\nnatverse/neuprintr, natverse/fishatlas, natverse/flycircuit,\nnatverse/insectbrainr, natverse/mouselightr,\nnatverse/neuromorphr, natverse/nat.jrcbrains",
      "RemoteType": "github",
      "RemoteHost": "api.github.com",
      "RemoteRepo": "natverse",
      "RemoteUsername": "natverse",
      "RemoteRef": "HEAD",
      "RemoteSha": "2240f99eab5487f454b020bf406b67fd20cd4899",
      "Hash": "b508556351cde488909ed1c6659e4dd6"
    },
    "neuprintr": {
      "Package": "neuprintr",
      "Version": "1.2",
      "Source": "GitHub",
      "Remotes": "natverse/drvid, natverse/nat",
      "RemoteType": "github",
      "RemoteHost": "api.github.com",
      "RemoteRepo": "neuprintr",
      "RemoteUsername": "natverse",
      "RemoteRef": "HEAD",
      "RemoteSha": "75a227fe909d3cba4a28d04b46346c12eb5039ce",
      "Hash": "5b2081f9786b35a2aea64052864ed363"
    },
    "neuprintrExtra": {
      "Package": "neuprintrExtra",
      "Version": "0.1.0.9001",
      "Source": "GitHub",
      "Remotes": "natverse/nat, natverse/neuprintr",
      "RemoteType": "github",
      "RemoteHost": "api.github.com",
      "RemoteRepo": "neuprintrExtra",
      "RemoteUsername": "jayaraman-lab",
      "RemoteRef": "HEAD",
      "RemoteSha": "f101a6873f43a931ed36bddaca36c005b60de47c",
      "Hash": "d1b3269fee3113dac6814f86d954075f"
    },
    "nlme": {
      "Package": "nlme",
      "Version": "3.1-152",
      "Source": "Repository",
      "Repository": "CRAN",
      "Hash": "35de1ce639f20b5e10f7f46260730c65"
    },
    "nloptr": {
      "Package": "nloptr",
      "Version": "1.2.2.2",
      "Source": "Repository",
      "Repository": "CRAN",
      "Hash": "2737faeee353704efec5afa1e943dd64"
    },
    "numDeriv": {
      "Package": "numDeriv",
      "Version": "2016.8-1.1",
      "Source": "Repository",
      "Repository": "CRAN",
      "Hash": "df58958f293b166e4ab885ebcad90e02"
    },
    "numbers": {
      "Package": "numbers",
      "Version": "0.8-2",
      "Source": "Repository",
      "Repository": "CRAN",
      "Hash": "07c41ed0625b14ba5b7af6207a686b31"
    },
    "openssl": {
      "Package": "openssl",
      "Version": "1.4.4",
      "Source": "Repository",
      "Repository": "CRAN",
      "Hash": "f4dbc5a47fd93d3415249884d31d6791"
    },
    "openxlsx": {
      "Package": "openxlsx",
      "Version": "4.2.4",
      "Source": "Repository",
      "Repository": "CRAN",
      "Hash": "f1b1ca1254ccb485dccc9c0dc65a2c36"
    },
    "paletteer": {
      "Package": "paletteer",
      "Version": "1.3.0",
      "Source": "Repository",
      "Repository": "CRAN",
      "Hash": "44d1457460fa82064c19fc77d1a25a16"
    },
    "parallelly": {
      "Package": "parallelly",
      "Version": "1.25.0",
      "Source": "Repository",
      "Repository": "CRAN",
      "Hash": "bc53006c11a08ba955ccbf85b586875f"
    },
    "patchwork": {
      "Package": "patchwork",
      "Version": "1.1.1",
      "Source": "Repository",
      "Repository": "CRAN",
      "Hash": "c446b30cb33ec125ff02588b60660ccb"
    },
    "pbapply": {
      "Package": "pbapply",
      "Version": "1.4-3",
      "Source": "Repository",
      "Repository": "CRAN",
      "Hash": "52f8028b028076bc3b7ee5d6251abf0d"
    },
    "pbkrtest": {
      "Package": "pbkrtest",
      "Version": "0.5.1",
      "Source": "Repository",
      "Repository": "CRAN",
      "Hash": "b304ff5955f37b48bd30518faf582929"
    },
    "pillar": {
      "Package": "pillar",
      "Version": "1.6.2",
      "Source": "Repository",
      "Repository": "CRAN",
      "Hash": "43f228eb4b49093d1c8a5c93cae9efe9"
    },
    "pkgconfig": {
      "Package": "pkgconfig",
      "Version": "2.0.3",
      "Source": "Repository",
      "Repository": "CRAN",
      "Hash": "01f28d4278f15c76cddbea05899c5d6f"
    },
    "plotly": {
      "Package": "plotly",
      "Version": "4.9.3",
      "Source": "Repository",
      "Repository": "CRAN",
      "Hash": "f6b85d9e4ed88074ea0ede1aa74bb00e"
    },
    "plyr": {
      "Package": "plyr",
      "Version": "1.8.6",
      "Source": "Repository",
      "Repository": "CRAN",
      "Hash": "ec0e5ab4e5f851f6ef32cd1d1984957f"
    },
    "png": {
      "Package": "png",
      "Version": "0.1-7",
      "Source": "Repository",
      "Repository": "CRAN",
      "Hash": "03b7076c234cb3331288919983326c55"
    },
    "polyclip": {
      "Package": "polyclip",
      "Version": "1.10-0",
      "Source": "Repository",
      "Repository": "CRAN",
      "Hash": "cb167f328b3ada4ec5cf67a7df4c900a"
    },
    "polynom": {
      "Package": "polynom",
      "Version": "1.4-0",
      "Source": "Repository",
      "Repository": "CRAN",
      "Hash": "c396592ecfe9e75cee1013533efafe34"
    },
    "prettyunits": {
      "Package": "prettyunits",
      "Version": "1.1.1",
      "Source": "Repository",
      "Repository": "CRAN",
      "Hash": "95ef9167b75dde9d2ccc3c7528393e7e"
    },
    "prismatic": {
      "Package": "prismatic",
      "Version": "1.0.0",
      "Source": "Repository",
      "Repository": "CRAN",
      "Hash": "ff0fd99eeae6a4ec43be2be881588681"
    },
    "processx": {
      "Package": "processx",
      "Version": "3.5.2",
      "Source": "Repository",
      "Repository": "CRAN",
      "Hash": "0cbca2bc4d16525d009c4dbba156b37c"
    },
    "progress": {
      "Package": "progress",
      "Version": "1.2.2",
      "Source": "Repository",
      "Repository": "CRAN",
      "Hash": "14dc9f7a3c91ebb14ec5bb9208a07061"
    },
    "promises": {
      "Package": "promises",
      "Version": "1.2.0.1",
      "Source": "Repository",
      "Repository": "CRAN",
      "Hash": "4ab2c43adb4d4699cf3690acd378d75d"
    },
    "ps": {
      "Package": "ps",
      "Version": "1.6.0",
      "Source": "Repository",
      "Repository": "CRAN",
      "Hash": "32620e2001c1dce1af49c49dccbb9420"
    },
    "purrr": {
      "Package": "purrr",
      "Version": "0.3.4",
      "Source": "Repository",
      "Repository": "CRAN",
      "Hash": "97def703420c8ab10d8f0e6c72101e02"
    },
    "quantreg": {
      "Package": "quantreg",
      "Version": "5.86",
      "Source": "Repository",
      "Repository": "CRAN",
      "Hash": "28692dfa3efea8e19d29347d05f5a489"
    },
    "rappdirs": {
      "Package": "rappdirs",
      "Version": "0.3.3",
      "Source": "Repository",
      "Repository": "CRAN",
      "Hash": "5e3c5dc0b071b21fa128676560dbe94d"
    },
    "readobj": {
      "Package": "readobj",
      "Version": "0.4.1",
      "Source": "Repository",
      "Repository": "CRAN",
      "Hash": "d7b3867ec6fc9cd9285b475aeb9c7891"
    },
    "readr": {
      "Package": "readr",
      "Version": "2.0.1",
      "Source": "Repository",
      "Repository": "CRAN",
      "Hash": "34807ea4fb5900386ddef904eef8bdb8"
    },
    "readxl": {
      "Package": "readxl",
      "Version": "1.3.1",
      "Source": "Repository",
      "Repository": "CRAN",
      "Hash": "63537c483c2dbec8d9e3183b3735254a"
    },
    "rematch": {
      "Package": "rematch",
      "Version": "1.0.1",
      "Source": "Repository",
      "Repository": "CRAN",
      "Hash": "c66b930d20bb6d858cd18e1cebcfae5c"
    },
    "rematch2": {
      "Package": "rematch2",
      "Version": "2.1.2",
      "Source": "Repository",
      "Repository": "CRAN",
      "Hash": "76c9e04c712a05848ae7a23d2f170a40"
    },
    "remotes": {
      "Package": "remotes",
      "Version": "2.3.0",
      "Source": "Repository",
      "Repository": "CRAN",
      "Hash": "92ea77818b3bb83c699008451af32b86"
    },
    "renv": {
      "Package": "renv",
      "Version": "0.14.0",
      "Source": "Repository",
      "Repository": "CRAN",
      "Hash": "30e5eba91b67f7f4d75d31de14bbfbdc"
    },
    "reprex": {
      "Package": "reprex",
      "Version": "2.0.0",
      "Source": "Repository",
      "Repository": "CRAN",
      "Hash": "8482bbeef0c194ac236aef7c51ee375f"
    },
    "reshape2": {
      "Package": "reshape2",
      "Version": "1.4.4",
      "Source": "Repository",
      "Repository": "CRAN",
      "Hash": "bb5996d0bd962d214a11140d77589917"
    },
    "rgl": {
      "Package": "rgl",
      "Version": "0.107.14",
      "Source": "Repository",
      "Repository": "CRAN",
      "Hash": "e7dc7599825dea5d5809478586948141"
    },
    "rio": {
      "Package": "rio",
      "Version": "0.5.27",
      "Source": "Repository",
      "Repository": "CRAN",
      "Hash": "18f47d9adafc32abd3d0f450036f739e"
    },
    "rlang": {
      "Package": "rlang",
      "Version": "0.4.11",
      "Source": "Repository",
      "Repository": "CRAN",
      "Hash": "515f341d3affe0de9e4a7f762efb0456"
    },
    "rmarkdown": {
      "Package": "rmarkdown",
      "Version": "2.8",
      "Source": "Repository",
      "Repository": "CRAN",
      "Hash": "f518ba47713f92d0d603eec7c6888faf"
    },
    "rmio": {
      "Package": "rmio",
      "Version": "0.2.0",
      "Source": "Repository",
      "Repository": "CRAN",
      "Hash": "abea39c320b2ee006ec0d653056f21a2"
    },
    "robustbase": {
      "Package": "robustbase",
      "Version": "0.93-8",
      "Source": "Repository",
      "Repository": "CRAN",
      "Hash": "acbfda096a7bec79aeee983e89260c78"
    },
    "rpart": {
      "Package": "rpart",
      "Version": "4.1-15",
      "Source": "Repository",
      "Repository": "CRAN",
      "Hash": "9787c1fcb680e655d062e7611cadf78e"
    },
    "rprojroot": {
      "Package": "rprojroot",
      "Version": "2.0.2",
      "Source": "Repository",
      "Repository": "CRAN",
      "Hash": "249d8cd1e74a8f6a26194a91b47f21d1"
    },
    "rstatix": {
      "Package": "rstatix",
      "Version": "0.7.0",
      "Source": "Repository",
      "Repository": "CRAN",
      "Hash": "aa020f8efde649badd0b2b5456e942fe"
    },
    "rstudioapi": {
      "Package": "rstudioapi",
      "Version": "0.13",
      "Source": "Repository",
      "Repository": "CRAN",
      "Hash": "06c85365a03fdaf699966cc1d3cf53ea"
    },
    "rvest": {
      "Package": "rvest",
      "Version": "1.0.0",
      "Source": "Repository",
      "Repository": "CRAN",
      "Hash": "74b905b0076e1de6e27f540c95ba68d5"
    },
    "scales": {
      "Package": "scales",
      "Version": "1.1.1",
      "Source": "Repository",
      "Repository": "CRAN",
      "Hash": "6f76f71042411426ec8df6c54f34e6dd"
    },
    "selectr": {
      "Package": "selectr",
      "Version": "0.4-2",
      "Source": "Repository",
      "Repository": "CRAN",
      "Hash": "3838071b66e0c566d55cc26bd6e27bf4"
    },
    "sessioninfo": {
      "Package": "sessioninfo",
      "Version": "1.1.1",
      "Source": "Repository",
      "Repository": "CRAN",
      "Hash": "308013098befe37484df72c39cf90d6e"
    },
    "sgeostat": {
      "Package": "sgeostat",
      "Version": "1.0-27",
      "Source": "Repository",
      "Repository": "CRAN",
      "Hash": "5e7cd74c654e874ff63db2efaaa2c214"
    },
    "sp": {
      "Package": "sp",
      "Version": "1.4-5",
      "Source": "Repository",
      "Repository": "CRAN",
      "Hash": "dfd843ee98246cf932823acf613b05dd"
    },
    "spam": {
      "Package": "spam",
      "Version": "2.6-0",
      "Source": "Repository",
      "Repository": "CRAN",
      "Hash": "ded42bddce644a27e9a0c65045f29874"
    },
    "spatstat": {
      "Package": "spatstat",
      "Version": "2.2-0",
      "Source": "Repository",
      "Repository": "CRAN",
      "Hash": "b5a819a8a3f85f9fdbc129fb941f4afa"
    },
    "spatstat.core": {
      "Package": "spatstat.core",
      "Version": "2.3-0",
      "Source": "Repository",
      "Repository": "CRAN",
      "Hash": "dda7556b6adf3f14c4cce941df3c30ba"
    },
    "spatstat.data": {
      "Package": "spatstat.data",
      "Version": "2.1-0",
      "Source": "Repository",
      "Repository": "CRAN",
      "Hash": "4e8002e034d7d0af852b2bbcce851c2e"
    },
    "spatstat.geom": {
      "Package": "spatstat.geom",
      "Version": "2.2-2",
      "Source": "Repository",
      "Repository": "CRAN",
      "Hash": "abf3bf1c02e9af3be5b6817d463dc064"
    },
    "spatstat.linnet": {
      "Package": "spatstat.linnet",
      "Version": "2.3-0",
      "Source": "Repository",
      "Repository": "CRAN",
      "Hash": "e8dc51978731cfd808fa200ce7591733"
    },
    "spatstat.sparse": {
      "Package": "spatstat.sparse",
      "Version": "2.0-0",
      "Source": "Repository",
      "Repository": "CRAN",
      "Hash": "615efff0d33e612b15dc3fc3ba0cc554"
    },
    "spatstat.utils": {
      "Package": "spatstat.utils",
      "Version": "2.2-0",
      "Source": "Repository",
      "Repository": "CRAN",
      "Hash": "a1519c316a49d8041bdc6f37fd0249e2"
    },
    "splancs": {
      "Package": "splancs",
      "Version": "2.01-42",
      "Source": "Repository",
      "Repository": "CRAN",
      "Hash": "a9801f8987696046fce34c33e99322b6"
    },
    "stringi": {
      "Package": "stringi",
      "Version": "1.7.4",
      "Source": "Repository",
      "Repository": "CRAN",
      "Hash": "ebaccb577da50829a3bb1b8296f318a5"
    },
    "stringr": {
      "Package": "stringr",
      "Version": "1.4.0",
      "Source": "Repository",
      "Repository": "CRAN",
      "Hash": "0759e6b6c0957edb1311028a49a35e76"
    },
    "sys": {
      "Package": "sys",
      "Version": "3.4",
      "Source": "Repository",
      "Repository": "CRAN",
      "Hash": "b227d13e29222b4574486cfcbde077fa"
    },
    "systemfonts": {
      "Package": "systemfonts",
      "Version": "1.0.2",
      "Source": "Repository",
      "Repository": "CRAN",
      "Hash": "f2e17ba09737e2e7e2ec40fc1f9b6e08"
    },
    "tensor": {
      "Package": "tensor",
      "Version": "1.5",
      "Source": "Repository",
      "Repository": "CRAN",
      "Hash": "25cfab6cf405c15bccf7e69ec39df090"
    },
    "tibble": {
      "Package": "tibble",
      "Version": "3.1.4",
      "Source": "Repository",
      "Repository": "CRAN",
      "Hash": "5e8ad5621e5c94b24ec07b88eee13df8"
    },
    "tidygraph": {
      "Package": "tidygraph",
      "Version": "1.2.0",
      "Source": "Repository",
      "Repository": "CRAN",
      "Hash": "5375980d0787633ca62c265b28bedb41"
    },
    "tidyr": {
      "Package": "tidyr",
      "Version": "1.1.3",
      "Source": "Repository",
      "Repository": "CRAN",
      "Hash": "450d7dfaedde58e28586b854eeece4fa"
    },
    "tidyselect": {
      "Package": "tidyselect",
      "Version": "1.1.1",
      "Source": "Repository",
      "Repository": "CRAN",
      "Hash": "7243004a708d06d4716717fa1ff5b2fe"
    },
    "tidyverse": {
      "Package": "tidyverse",
      "Version": "1.3.1",
      "Source": "Repository",
      "Repository": "CRAN",
      "Hash": "fc4c72b6ae9bb283416bd59a3303bbab"
    },
    "tinytex": {
      "Package": "tinytex",
      "Version": "0.31",
      "Source": "Repository",
      "Repository": "CRAN",
      "Hash": "25b572f764f3c19fef9aac33b5724f3d"
    },
    "tripack": {
      "Package": "tripack",
      "Version": "1.3-9.1",
      "Source": "Repository",
      "Repository": "CRAN",
      "Hash": "f24fc3b5569f9c4137916865b4d50e78"
    },
    "tweenr": {
      "Package": "tweenr",
      "Version": "1.0.2",
      "Source": "Repository",
      "Repository": "CRAN",
      "Hash": "6cc663f970a529dbf776f11d5bcd1a2e"
    },
    "tzdb": {
      "Package": "tzdb",
      "Version": "0.1.2",
      "Source": "Repository",
      "Repository": "CRAN",
      "Hash": "fb2b801053decce71295bb8cb04d438b"
    },
    "usethis": {
      "Package": "usethis",
      "Version": "2.0.1",
      "Source": "Repository",
      "Repository": "CRAN",
      "Hash": "360e904f9e623286e1a0c6ca0a98c5f6"
    },
    "utf8": {
      "Package": "utf8",
      "Version": "1.2.2",
      "Source": "Repository",
      "Repository": "CRAN",
      "Hash": "c9c462b759a5cc844ae25b5942654d13"
    },
    "uuid": {
      "Package": "uuid",
      "Version": "0.1-4",
      "Source": "Repository",
      "Repository": "CRAN",
      "Hash": "e4169eb989a5d03ccb6b628cad1b1b50"
    },
    "vctrs": {
      "Package": "vctrs",
      "Version": "0.3.8",
      "Source": "Repository",
      "Repository": "CRAN",
      "Hash": "ecf749a1b39ea72bd9b51b76292261f1"
    },
    "vipor": {
      "Package": "vipor",
      "Version": "0.4.5",
      "Source": "Repository",
      "Repository": "CRAN",
      "Hash": "ea85683da7f2bfa63a98dc6416892591"
    },
    "viridis": {
      "Package": "viridis",
      "Version": "0.6.1",
      "Source": "Repository",
      "Repository": "CRAN",
      "Hash": "424d1285b7372d39806abb19467e4df4"
    },
    "viridisLite": {
      "Package": "viridisLite",
      "Version": "0.4.0",
      "Source": "Repository",
      "Repository": "CRAN",
      "Hash": "55e157e2aa88161bdb0754218470d204"
    },
    "visNetwork": {
      "Package": "visNetwork",
      "Version": "2.0.9",
      "Source": "Repository",
      "Repository": "CRAN",
      "Hash": "12545f2acf49d1d346d075580122d89c"
    },
    "vroom": {
      "Package": "vroom",
      "Version": "1.5.4",
      "Source": "Repository",
      "Repository": "CRAN",
      "Hash": "1a23013f39e67bb57cbda6f4ddde5470"
    },
    "whisker": {
      "Package": "whisker",
      "Version": "0.4",
      "Source": "Repository",
      "Repository": "CRAN",
      "Hash": "ca970b96d894e90397ed20637a0c1bbe"
    },
    "withr": {
      "Package": "withr",
      "Version": "2.4.2",
      "Source": "Repository",
      "Repository": "CRAN",
      "Hash": "ad03909b44677f930fa156d47d7a3aeb"
    },
    "xfun": {
      "Package": "xfun",
      "Version": "0.25",
      "Source": "Repository",
      "Repository": "CRAN",
      "Hash": "853d45ffff0a9af1e0af017cd359f75e"
    },
    "xml2": {
      "Package": "xml2",
      "Version": "1.3.2",
      "Source": "Repository",
      "Repository": "CRAN",
      "Hash": "d4d71a75dd3ea9eb5fa28cc21f9585e2"
    },
    "yaml": {
      "Package": "yaml",
      "Version": "2.2.1",
      "Source": "Repository",
      "Repository": "CRAN",
      "Hash": "2826c5d9efb0a88f657c7a679c7106db"
    },
    "zip": {
      "Package": "zip",
      "Version": "2.2.0",
      "Source": "Repository",
      "Repository": "CRAN",
      "Hash": "c7eef2996ac270a18c2715c997a727c5"
    },
    "zoo": {
      "Package": "zoo",
      "Version": "1.8-9",
      "Source": "Repository",
      "Repository": "CRAN",
      "Hash": "035d1c7c12593038c26fb1c2fd40c4d2"
    }
  }
}
